
Microsoft Visual Studio Solution File, Format Version 12.00
Project("{FAE04EC0-301F-11D3-BF4B-00C04F79EFBC}") = "DropNGo-API", "DropNGo-API\DropNGo-API.csproj", "{AD8F5E4A-CFBE-45ED-AEAD-1977973A39E0}"
EndProject
Project("{FAE04EC0-301F-11D3-BF4B-00C04F79EFBC}") = "DropNGo-User-Mobile", "DropNGo-User-Mobile\DropNGo-User-Mobile.csproj", "{83714E5F-C432-463B-B248-FE07F6181AC8}"
EndProject
Project("{FAE04EC0-301F-11D3-BF4B-00C04F79EFBC}") = "DropNGo-Courier-Mobile", "DropNGo-Courier-Mobile\DropNGo-Courier-Mobile.csproj", "{793E70EC-797B-4EE9-A37E-6E6E78500F85}"
EndProject
Project("{FAE04EC0-301F-11D3-BF4B-00C04F79EFBC}") = "BlazorApp1", "BlazorApp1\BlazorApp1.csproj", "{6D10A3A6-DD63-4797-84EB-45201C21FF4B}"
EndProject
Global
	GlobalSection(SolutionConfigurationPlatforms) = preSolution
		Debug|Any CPU = Debug|Any CPU
		Release|Any CPU = Release|Any CPU
	EndGlobalSection
	GlobalSection(ProjectConfigurationPlatforms) = postSolution
		{AD8F5E4A-CFBE-45ED-AEAD-1977973A39E0}.Debug|Any CPU.ActiveCfg = Debug|Any CPU
		{AD8F5E4A-CFBE-45ED-AEAD-1977973A39E0}.Debug|Any CPU.Build.0 = Debug|Any CPU
		{AD8F5E4A-CFBE-45ED-AEAD-1977973A39E0}.Release|Any CPU.ActiveCfg = Release|Any CPU
		{AD8F5E4A-CFBE-45ED-AEAD-1977973A39E0}.Release|Any CPU.Build.0 = Release|Any CPU
		{83714E5F-C432-463B-B248-FE07F6181AC8}.Debug|Any CPU.ActiveCfg = Debug|Any CPU
		{83714E5F-C432-463B-B248-FE07F6181AC8}.Debug|Any CPU.Build.0 = Debug|Any CPU
		{83714E5F-C432-463B-B248-FE07F6181AC8}.Release|Any CPU.ActiveCfg = Release|Any CPU
		{83714E5F-C432-463B-B248-FE07F6181AC8}.Release|Any CPU.Build.0 = Release|Any CPU
		{793E70EC-797B-4EE9-A37E-6E6E78500F85}.Debug|Any CPU.ActiveCfg = Debug|Any CPU
		{793E70EC-797B-4EE9-A37E-6E6E78500F85}.Debug|Any CPU.Build.0 = Debug|Any CPU
		{793E70EC-797B-4EE9-A37E-6E6E78500F85}.Release|Any CPU.ActiveCfg = Release|Any CPU
		{793E70EC-797B-4EE9-A37E-6E6E78500F85}.Release|Any CPU.Build.0 = Release|Any CPU
		{6D10A3A6-DD63-4797-84EB-45201C21FF4B}.Debug|Any CPU.ActiveCfg = Debug|Any CPU
		{6D10A3A6-DD63-4797-84EB-45201C21FF4B}.Debug|Any CPU.Build.0 = Debug|Any CPU
		{6D10A3A6-DD63-4797-84EB-45201C21FF4B}.Release|Any CPU.ActiveCfg = Release|Any CPU
		{6D10A3A6-DD63-4797-84EB-45201C21FF4B}.Release|Any CPU.Build.0 = Release|Any CPU
	EndGlobalSection
EndGlobal
